// !$*UTF8*$!
{
	archiveVersion = 1;
	classes = {
	};
	objectVersion = 46;
	objects = {

/* Begin PBXBuildFile section */
		0B19B7501B9FE6C000580B55 /* main.cpp in Sources */ = {isa = PBXBuildFile; fileRef = 0B19B74F1B9FE6C000580B55 /* main.cpp */; };
/* End PBXBuildFile section */

/* Begin PBXCopyFilesBuildPhase section */
		0B19B74A1B9FE6C000580B55 /* CopyFiles */ = {
			isa = PBXCopyFilesBuildPhase;
			buildActionMask = 2147483647;
			dstPath = /usr/share/man/man1/;
			dstSubfolderSpec = 0;
			files = (
			);
			runOnlyForDeploymentPostprocessing = 1;
		};
/* End PBXCopyFilesBuildPhase section */

/* Begin PBXFileReference section */
		0B19B74C1B9FE6C000580B55 /* ✅Hdu4766.H-Network */ = {isa = PBXFileReference; explicitFileType = "compiled.mach-o.executable"; includeInIndex = 0; path = "✅Hdu4766.H-Network"; sourceTree = BUILT_PRODUCTS_DIR; };
		0B19B74F1B9FE6C000580B55 /* main.cpp */ = {isa = PBXFileReference; lastKnownFileType = sourcecode.cpp.cpp; path = main.cpp; sourceTree = "<group>"; };
/* End PBXFileReference section */

/* Begin PBXFrameworksBuildPhase section */
		0B19B7491B9FE6C000580B55 /* Frameworks */ = {
			isa = PBXFrameworksBuildPhase;
			buildActionMask = 2147483647;
			files = (
			);
			runOnlyForDeploymentPostprocessing = 0;
		};
/* End PBXFrameworksBuildPhase section */

/* Begin PBXGroup section */
		0B19B7431B9FE6BF00580B55 = {
			isa = PBXGroup;
			children = (
				0B19B74E1B9FE6C000580B55 /* Hdu4766.H-Network */,
				0B19B74D1B9FE6C000580B55 /* Products */,
			);
			sourceTree = "<group>";
		};
		0B19B74D1B9FE6C000580B55 /* Products */ = {
			isa = PBXGroup;
			children = (
				0B19B74C1B9FE6C000580B55 /* ✅Hdu4766.H-Network */,
			);
			name = Products;
			sourceTree = "<group>";
		};
		0B19B74E1B9FE6C000580B55 /* Hdu4766.H-Network */ = {
			isa = PBXGroup;
			children = (
				0B19B74F1B9FE6C000580B55 /* main.cpp */,
			);
			path = "Hdu4766.H-Network";
			sourceTree = "<group>";
		};
/* End PBXGroup section */

/* Begin PBXNativeTarget section */
		0B19B74B1B9FE6C000580B55 /* ✅Hdu4766.H-Network */ = {
			isa = PBXNativeTarget;
			buildConfigurationList = 0B19B7531B9FE6C000580B55 /* Build configuration list for PBXNativeTarget "✅Hdu4766.H-Network" */;
			buildPhases = (
				0B19B7481B9FE6C000580B55 /* Sources */,
				0B19B7491B9FE6C000580B55 /* Frameworks */,
				0B19B74A1B9FE6C000580B55 /* CopyFiles */,
			);
			buildRules = (
			);
			dependencies = (
			);
			name = "✅Hdu4766.H-Network";
			productName = "Hdu4766.H-Network";
			productReference = 0B19B74C1B9FE6C000580B55 /* ✅Hdu4766.H-Network */;
			productType = "com.apple.product-type.tool";
		};
/* End PBXNativeTarget section */

/* Begin PBXProject section */
		0B19B7441B9FE6BF00580B55 /* Project object */ = {
			isa = PBXProject;
			attributes = {
				LastUpgradeCheck = 0630;
				ORGANIZATIONNAME = eycia;
				TargetAttributes = {
					0B19B74B1B9FE6C000580B55 = {
						CreatedOnToolsVersion = 6.3;
					};
				};
			};
			buildConfigurationList = 0B19B7471B9FE6BF00580B55 /* Build configuration list for PBXProject "✅Hdu4766.H-Network" */;
			compatibilityVersion = "Xcode 3.2";
			developmentRegion = English;
			hasScannedForEncodings = 0;
			knownRegions = (
				en,
			);
			mainGroup = 0B19B7431B9FE6BF00580B55;
			productRefGroup = 0B19B74D1B9FE6C000580B55 /* Products */;
			projectDirPath = "";
			projectRoot = "";
			targets = (
				0B19B74B1B9FE6C000580B55 /* ✅Hdu4766.H-Network */,
			);
		};
/* End PBXProject section */

/* Begin PBXSourcesBuildPhase section */
		0B19B7481B9FE6C000580B55 /* Sources */ = {
			isa = PBXSourcesBuildPhase;
			buildActionMask = 2147483647;
			files = (
				0B19B7501B9FE6C000580B55 /* main.cpp in Sources */,
			);
			runOnlyForDeploymentPostprocessing = 0;
		};
/* End PBXSourcesBuildPhase section */

/* Begin XCBuildConfiguration section */
		0B19B7511B9FE6C000580B55 /* Debug */ = {
			isa = XCBuildConfiguration;
			buildSettings = {
				ALWAYS_SEARCH_USER_PATHS = NO;
				CLANG_CXX_LANGUAGE_STANDARD = "gnu++0x";
				CLANG_CXX_LIBRARY = "libc++";
				CLANG_ENABLE_MODULES = YES;
				CLANG_ENABLE_OBJC_ARC = YES;
				CLANG_WARN_BOOL_CONVERSION = YES;
				CLANG_WARN_CONSTANT_CONVERSION = YES;
				CLANG_WARN_DIRECT_OBJC_ISA_USAGE = YES_ERROR;
				CLANG_WARN_EMPTY_BODY = YES;
				CLANG_WARN_ENUM_CONVERSION = YES;
				CLANG_WARN_INT_CONVERSION = YES;
				CLANG_WARN_OBJC_ROOT_CLASS = YES_ERROR;
				CLANG_WARN_UNREACHABLE_CODE = YES;
				CLANG_WARN__DUPLICATE_METHOD_MATCH = YES;
				COPY_PHASE_STRIP = NO;
				DEBUG_INFORMATION_FORMAT = dwarf;
				ENABLE_STRICT_OBJC_MSGSEND = YES;
				GCC_C_LANGUAGE_STANDARD = gnu99;
				GCC_DYNAMIC_NO_PIC = NO;
				GCC_NO_COMMON_BLOCKS = YES;
				GCC_OPTIMIZATION_LEVEL = 0;
				GCC_PREPROCESSOR_DEFINITIONS = (
					"DEBUG=1",
					"$(inherited)",
				);
				GCC_SYMBOLS_PRIVATE_EXTERN = NO;
				GCC_WARN_64_TO_32_BIT_CONVERSION = YES;
				GCC_WARN_ABOUT_RETURN_TYPE = YES_ERROR;
				GCC_WARN_UNDECLARED_SELECTOR = YES;
				GCC_WARN_UNINITIALIZED_AUTOS = YES_AGGRESSIVE;
				GCC_WARN_UNUSED_FUNCTION = YES;
				GCC_WARN_UNUSED_VARIABLE = YES;
				MACOSX_DEPLOYMENT_TARGET = 10.10;
				MTL_ENABLE_DEBUG_INFO = YES;
				ONLY_ACTIVE_ARCH = YES;
				SDKROOT = macosx;
			};
			name = Debug;
		};
		0B19B7521B9FE6C000580B55 /* Release */ = {
			isa = XCBuildConfiguration;
			buildSettings = {
				ALWAYS_SEARCH_USER_PATHS = NO;
				CLANG_CXX_LANGUAGE_STANDARD = "gnu++0x";
				CLANG_CXX_LIBRARY = "libc++";
				CLANG_ENABLE_MODULES = YES;
				CLANG_ENABLE_OBJC_ARC = YES;
				CLANG_WARN_BOOL_CONVERSION = YES;
				CLANG_WARN_CONSTANT_CONVERSION = YES;
				CLANG_WARN_DIRECT_OBJC_ISA_USAGE = YES_ERROR;
				CLANG_WARN_EMPTY_BODY = YES;
				CLANG_WARN_ENUM_CONVERSION = YES;
				CLANG_WARN_INT_CONVERSION = YES;
				CLANG_WARN_OBJC_ROOT_CLASS = YES_ERROR;
				CLANG_WARN_UNREACHABLE_CODE = YES;
				CLANG_WARN__DUPLICATE_METHOD_MATCH = YES;
				COPY_PHASE_STRIP = NO;
				DEBUG_INFORMATION_FORMAT = "dwarf-with-dsym";
				ENABLE_NS_ASSERTIONS = NO;
				ENABLE_STRICT_OBJC_MSGSEND = YES;
				GCC_C_LANGUAGE_STANDARD = gnu99;
				GCC_NO_COMMON_BLOCKS = YES;
				GCC_WARN_64_TO_32_BIT_CONVERSION = YES;
				GCC_WARN_ABOUT_RETURN_TYPE = YES_ERROR;
				GCC_WARN_UNDECLARED_SELECTOR = YES;
				GCC_WARN_UNINITIALIZED_AUTOS = YES_AGGRESSIVE;
				GCC_WARN_UNUSED_FUNCTION = YES;
				GCC_WARN_UNUSED_VARIABLE = YES;
				MACOSX_DEPLOYMENT_TARGET = 10.10;
				MTL_ENABLE_DEBUG_INFO = NO;
				SDKROOT = macosx;
			};
			name = Release;
		};
		0B19B7541B9FE6C000580B55 /* Debug */ = {
			isa = XCBuildConfiguration;
			buildSettings = {
				PRODUCT_NAME = "✅Hdu4766.H-Network";
			};
			name = Debug;
		};
		0B19B7551B9FE6C000580B55 /* Release */ = {
			isa = XCBuildConfiguration;
			buildSettings = {
				PRODUCT_NAME = "✅Hdu4766.H-Network";
			};
			name = Release;
		};
/* End XCBuildConfiguration section */

/* Begin XCConfigurationList section */
		0B19B7471B9FE6BF00580B55 /* Build configuration list for PBXProject "✅Hdu4766.H-Network" */ = {
			isa = XCConfigurationList;
			buildConfigurations = (
				0B19B7511B9FE6C000580B55 /* Debug */,
				0B19B7521B9FE6C000580B55 /* Release */,
			);
			defaultConfigurationIsVisible = 0;
			defaultConfigurationName = Release;
		};
		0B19B7531B9FE6C000580B55 /* Build configuration list for PBXNativeTarget "✅Hdu4766.H-Network" */ = {
			isa = XCConfigurationList;
			buildConfigurations = (
				0B19B7541B9FE6C000580B55 /* Debug */,
				0B19B7551B9FE6C000580B55 /* Release */,
			);
			defaultConfigurationIsVisible = 0;
			defaultConfigurationName = Release;
		};
/* End XCConfigurationList section */
	};
	rootObject = 0B19B7441B9FE6BF00580B55 /* Project object */;
}
