// !$*UTF8*$!
{
	archiveVersion = 1;
	classes = {
	};
	objectVersion = 46;
	objects = {

/* Begin PBXBuildFile section */
		0B7F57B81BA9B37C00C7ECCE /* main.cpp in Sources */ = {isa = PBXBuildFile; fileRef = 0B7F57B71BA9B37C00C7ECCE /* main.cpp */; };
/* End PBXBuildFile section */

/* Begin PBXCopyFilesBuildPhase section */
		0B7F57B21BA9B37C00C7ECCE /* CopyFiles */ = {
			isa = PBXCopyFilesBuildPhase;
			buildActionMask = 2147483647;
			dstPath = /usr/share/man/man1/;
			dstSubfolderSpec = 0;
			files = (
			);
			runOnlyForDeploymentPostprocessing = 1;
		};
/* End PBXCopyFilesBuildPhase section */

/* Begin PBXFileReference section */
		0B7F57B41BA9B37C00C7ECCE /* ✅Hdu5444.H-Elven Postman */ = {isa = PBXFileReference; explicitFileType = "compiled.mach-o.executable"; includeInIndex = 0; path = "✅Hdu5444.H-Elven Postman"; sourceTree = BUILT_PRODUCTS_DIR; };
		0B7F57B71BA9B37C00C7ECCE /* main.cpp */ = {isa = PBXFileReference; lastKnownFileType = sourcecode.cpp.cpp; path = main.cpp; sourceTree = "<group>"; };
/* End PBXFileReference section */

/* Begin PBXFrameworksBuildPhase section */
		0B7F57B11BA9B37C00C7ECCE /* Frameworks */ = {
			isa = PBXFrameworksBuildPhase;
			buildActionMask = 2147483647;
			files = (
			);
			runOnlyForDeploymentPostprocessing = 0;
		};
/* End PBXFrameworksBuildPhase section */

/* Begin PBXGroup section */
		0B7F57AB1BA9B37C00C7ECCE = {
			isa = PBXGroup;
			children = (
				0B7F57B61BA9B37C00C7ECCE /* Hdu5444.H-Elven Postman */,
				0B7F57B51BA9B37C00C7ECCE /* Products */,
			);
			sourceTree = "<group>";
		};
		0B7F57B51BA9B37C00C7ECCE /* Products */ = {
			isa = PBXGroup;
			children = (
				0B7F57B41BA9B37C00C7ECCE /* ✅Hdu5444.H-Elven Postman */,
			);
			name = Products;
			sourceTree = "<group>";
		};
		0B7F57B61BA9B37C00C7ECCE /* Hdu5444.H-Elven Postman */ = {
			isa = PBXGroup;
			children = (
				0B7F57B71BA9B37C00C7ECCE /* main.cpp */,
			);
			path = "Hdu5444.H-Elven Postman";
			sourceTree = "<group>";
		};
/* End PBXGroup section */

/* Begin PBXNativeTarget section */
		0B7F57B31BA9B37C00C7ECCE /* ✅Hdu5444.H-Elven Postman */ = {
			isa = PBXNativeTarget;
			buildConfigurationList = 0B7F57BB1BA9B37C00C7ECCE /* Build configuration list for PBXNativeTarget "✅Hdu5444.H-Elven Postman" */;
			buildPhases = (
				0B7F57B01BA9B37C00C7ECCE /* Sources */,
				0B7F57B11BA9B37C00C7ECCE /* Frameworks */,
				0B7F57B21BA9B37C00C7ECCE /* CopyFiles */,
			);
			buildRules = (
			);
			dependencies = (
			);
			name = "✅Hdu5444.H-Elven Postman";
			productName = "Hdu5444.H-Elven Postman";
			productReference = 0B7F57B41BA9B37C00C7ECCE /* ✅Hdu5444.H-Elven Postman */;
			productType = "com.apple.product-type.tool";
		};
/* End PBXNativeTarget section */

/* Begin PBXProject section */
		0B7F57AC1BA9B37C00C7ECCE /* Project object */ = {
			isa = PBXProject;
			attributes = {
				LastUpgradeCheck = 0630;
				ORGANIZATIONNAME = eycia;
				TargetAttributes = {
					0B7F57B31BA9B37C00C7ECCE = {
						CreatedOnToolsVersion = 6.3;
					};
				};
			};
			buildConfigurationList = 0B7F57AF1BA9B37C00C7ECCE /* Build configuration list for PBXProject "✅Hdu5444.H-Elven Postman" */;
			compatibilityVersion = "Xcode 3.2";
			developmentRegion = English;
			hasScannedForEncodings = 0;
			knownRegions = (
				en,
			);
			mainGroup = 0B7F57AB1BA9B37C00C7ECCE;
			productRefGroup = 0B7F57B51BA9B37C00C7ECCE /* Products */;
			projectDirPath = "";
			projectRoot = "";
			targets = (
				0B7F57B31BA9B37C00C7ECCE /* ✅Hdu5444.H-Elven Postman */,
			);
		};
/* End PBXProject section */

/* Begin PBXSourcesBuildPhase section */
		0B7F57B01BA9B37C00C7ECCE /* Sources */ = {
			isa = PBXSourcesBuildPhase;
			buildActionMask = 2147483647;
			files = (
				0B7F57B81BA9B37C00C7ECCE /* main.cpp in Sources */,
			);
			runOnlyForDeploymentPostprocessing = 0;
		};
/* End PBXSourcesBuildPhase section */

/* Begin XCBuildConfiguration section */
		0B7F57B91BA9B37C00C7ECCE /* Debug */ = {
			isa = XCBuildConfiguration;
			buildSettings = {
				ALWAYS_SEARCH_USER_PATHS = NO;
				CLANG_CXX_LANGUAGE_STANDARD = "gnu++0x";
				CLANG_CXX_LIBRARY = "libc++";
				CLANG_ENABLE_MODULES = YES;
				CLANG_ENABLE_OBJC_ARC = YES;
				CLANG_WARN_BOOL_CONVERSION = YES;
				CLANG_WARN_CONSTANT_CONVERSION = YES;
				CLANG_WARN_DIRECT_OBJC_ISA_USAGE = YES_ERROR;
				CLANG_WARN_EMPTY_BODY = YES;
				CLANG_WARN_ENUM_CONVERSION = YES;
				CLANG_WARN_INT_CONVERSION = YES;
				CLANG_WARN_OBJC_ROOT_CLASS = YES_ERROR;
				CLANG_WARN_UNREACHABLE_CODE = YES;
				CLANG_WARN__DUPLICATE_METHOD_MATCH = YES;
				COPY_PHASE_STRIP = NO;
				DEBUG_INFORMATION_FORMAT = dwarf;
				ENABLE_STRICT_OBJC_MSGSEND = YES;
				GCC_C_LANGUAGE_STANDARD = gnu99;
				GCC_DYNAMIC_NO_PIC = NO;
				GCC_NO_COMMON_BLOCKS = YES;
				GCC_OPTIMIZATION_LEVEL = 0;
				GCC_PREPROCESSOR_DEFINITIONS = (
					"DEBUG=1",
					"$(inherited)",
				);
				GCC_SYMBOLS_PRIVATE_EXTERN = NO;
				GCC_WARN_64_TO_32_BIT_CONVERSION = YES;
				GCC_WARN_ABOUT_RETURN_TYPE = YES_ERROR;
				GCC_WARN_UNDECLARED_SELECTOR = YES;
				GCC_WARN_UNINITIALIZED_AUTOS = YES_AGGRESSIVE;
				GCC_WARN_UNUSED_FUNCTION = YES;
				GCC_WARN_UNUSED_VARIABLE = YES;
				MACOSX_DEPLOYMENT_TARGET = 10.10;
				MTL_ENABLE_DEBUG_INFO = YES;
				ONLY_ACTIVE_ARCH = YES;
				SDKROOT = macosx;
			};
			name = Debug;
		};
		0B7F57BA1BA9B37C00C7ECCE /* Release */ = {
			isa = XCBuildConfiguration;
			buildSettings = {
				ALWAYS_SEARCH_USER_PATHS = NO;
				CLANG_CXX_LANGUAGE_STANDARD = "gnu++0x";
				CLANG_CXX_LIBRARY = "libc++";
				CLANG_ENABLE_MODULES = YES;
				CLANG_ENABLE_OBJC_ARC = YES;
				CLANG_WARN_BOOL_CONVERSION = YES;
				CLANG_WARN_CONSTANT_CONVERSION = YES;
				CLANG_WARN_DIRECT_OBJC_ISA_USAGE = YES_ERROR;
				CLANG_WARN_EMPTY_BODY = YES;
				CLANG_WARN_ENUM_CONVERSION = YES;
				CLANG_WARN_INT_CONVERSION = YES;
				CLANG_WARN_OBJC_ROOT_CLASS = YES_ERROR;
				CLANG_WARN_UNREACHABLE_CODE = YES;
				CLANG_WARN__DUPLICATE_METHOD_MATCH = YES;
				COPY_PHASE_STRIP = NO;
				DEBUG_INFORMATION_FORMAT = "dwarf-with-dsym";
				ENABLE_NS_ASSERTIONS = NO;
				ENABLE_STRICT_OBJC_MSGSEND = YES;
				GCC_C_LANGUAGE_STANDARD = gnu99;
				GCC_NO_COMMON_BLOCKS = YES;
				GCC_WARN_64_TO_32_BIT_CONVERSION = YES;
				GCC_WARN_ABOUT_RETURN_TYPE = YES_ERROR;
				GCC_WARN_UNDECLARED_SELECTOR = YES;
				GCC_WARN_UNINITIALIZED_AUTOS = YES_AGGRESSIVE;
				GCC_WARN_UNUSED_FUNCTION = YES;
				GCC_WARN_UNUSED_VARIABLE = YES;
				MACOSX_DEPLOYMENT_TARGET = 10.10;
				MTL_ENABLE_DEBUG_INFO = NO;
				SDKROOT = macosx;
			};
			name = Release;
		};
		0B7F57BC1BA9B37C00C7ECCE /* Debug */ = {
			isa = XCBuildConfiguration;
			buildSettings = {
				PRODUCT_NAME = "✅Hdu5444.H-Elven Postman";
			};
			name = Debug;
		};
		0B7F57BD1BA9B37C00C7ECCE /* Release */ = {
			isa = XCBuildConfiguration;
			buildSettings = {
				PRODUCT_NAME = "✅Hdu5444.H-Elven Postman";
			};
			name = Release;
		};
/* End XCBuildConfiguration section */

/* Begin XCConfigurationList section */
		0B7F57AF1BA9B37C00C7ECCE /* Build configuration list for PBXProject "✅Hdu5444.H-Elven Postman" */ = {
			isa = XCConfigurationList;
			buildConfigurations = (
				0B7F57B91BA9B37C00C7ECCE /* Debug */,
				0B7F57BA1BA9B37C00C7ECCE /* Release */,
			);
			defaultConfigurationIsVisible = 0;
			defaultConfigurationName = Release;
		};
		0B7F57BB1BA9B37C00C7ECCE /* Build configuration list for PBXNativeTarget "✅Hdu5444.H-Elven Postman" */ = {
			isa = XCConfigurationList;
			buildConfigurations = (
				0B7F57BC1BA9B37C00C7ECCE /* Debug */,
				0B7F57BD1BA9B37C00C7ECCE /* Release */,
			);
			defaultConfigurationIsVisible = 0;
		};
/* End XCConfigurationList section */
	};
	rootObject = 0B7F57AC1BA9B37C00C7ECCE /* Project object */;
}
